
Microsoft Visual Studio Solution File, Format Version 12.00
# Visual Studio 2012
Project("{FAE04EC0-301F-11D3-BF4B-00C04F79EFBC}") = "Regextra", "Regextra\Regextra.csproj", "{D8A9A4F3-C1BA-429D-9F65-DA792D262020}"
EndProject
Project("{FAE04EC0-301F-11D3-BF4B-00C04F79EFBC}") = "Tests", "RegextraTests\Tests.csproj", "{A70FA85B-B653-42A7-8CE8-751BA95F5506}"
EndProject
Global
	GlobalSection(SolutionConfigurationPlatforms) = preSolution
		Debug|Any CPU = Debug|Any CPU
		Release|Any CPU = Release|Any CPU
	EndGlobalSection
	GlobalSection(ProjectConfigurationPlatforms) = postSolution
		{D8A9A4F3-C1BA-429D-9F65-DA792D262020}.Debug|Any CPU.ActiveCfg = Debug|Any CPU
		{D8A9A4F3-C1BA-429D-9F65-DA792D262020}.Debug|Any CPU.Build.0 = Debug|Any CPU
		{D8A9A4F3-C1BA-429D-9F65-DA792D262020}.Release|Any CPU.ActiveCfg = Release|Any CPU
		{D8A9A4F3-C1BA-429D-9F65-DA792D262020}.Release|Any CPU.Build.0 = Release|Any CPU
		{A70FA85B-B653-42A7-8CE8-751BA95F5506}.Debug|Any CPU.ActiveCfg = Debug|Any CPU
		{A70FA85B-B653-42A7-8CE8-751BA95F5506}.Debug|Any CPU.Build.0 = Debug|Any CPU
		{A70FA85B-B653-42A7-8CE8-751BA95F5506}.Release|Any CPU.ActiveCfg = Release|Any CPU
		{A70FA85B-B653-42A7-8CE8-751BA95F5506}.Release|Any CPU.Build.0 = Release|Any CPU
	EndGlobalSection
	GlobalSection(SolutionProperties) = preSolution
		HideSolutionNode = FALSE
	EndGlobalSection
EndGlobal
