
Microsoft Visual Studio Solution File, Format Version 12.00
# Visual Studio 2013
VisualStudioVersion = 12.0.21005.1
MinimumVisualStudioVersion = 10.0.40219.1
Project("{FAE04EC0-301F-11D3-BF4B-00C04F79EFBC}") = "Regextra.PassphraseRegex", "Regextra.PassphraseRegex\Regextra.PassphraseRegex.csproj", "{D8A9A4F3-C1BA-429D-9F65-DA792D262020}"
EndProject
Project("{FAE04EC0-301F-11D3-BF4B-00C04F79EFBC}") = "Regextra.Template", "Regextra.Template\Regextra.Template.csproj", "{A7501E06-391F-4B3E-BB3F-342781B94569}"
EndProject
Project("{FAE04EC0-301F-11D3-BF4B-00C04F79EFBC}") = "Regextra.Tests", "tests\Regextra.Tests\Regextra.Tests.csproj", "{B6D60D15-E39D-4CDF-A242-19283311EE6A}"
EndProject
Project("{FAE04EC0-301F-11D3-BF4B-00C04F79EFBC}") = "Regextra.Template.Benchmarks", "Regextra.Template.Benchmarks\Regextra.Template.Benchmarks.csproj", "{C11BE8D3-39B9-4090-9615-1AD32C0D6EF6}"
EndProject
Global
	GlobalSection(SolutionConfigurationPlatforms) = preSolution
		Debug|Any CPU = Debug|Any CPU
		Release|Any CPU = Release|Any CPU
	EndGlobalSection
	GlobalSection(ProjectConfigurationPlatforms) = postSolution
		{D8A9A4F3-C1BA-429D-9F65-DA792D262020}.Debug|Any CPU.ActiveCfg = Debug|Any CPU
		{D8A9A4F3-C1BA-429D-9F65-DA792D262020}.Debug|Any CPU.Build.0 = Debug|Any CPU
		{D8A9A4F3-C1BA-429D-9F65-DA792D262020}.Release|Any CPU.ActiveCfg = Release|Any CPU
		{D8A9A4F3-C1BA-429D-9F65-DA792D262020}.Release|Any CPU.Build.0 = Release|Any CPU
		{A7501E06-391F-4B3E-BB3F-342781B94569}.Debug|Any CPU.ActiveCfg = Debug|Any CPU
		{A7501E06-391F-4B3E-BB3F-342781B94569}.Debug|Any CPU.Build.0 = Debug|Any CPU
		{A7501E06-391F-4B3E-BB3F-342781B94569}.Release|Any CPU.ActiveCfg = Release|Any CPU
		{A7501E06-391F-4B3E-BB3F-342781B94569}.Release|Any CPU.Build.0 = Release|Any CPU
		{B6D60D15-E39D-4CDF-A242-19283311EE6A}.Debug|Any CPU.ActiveCfg = Debug|Any CPU
		{B6D60D15-E39D-4CDF-A242-19283311EE6A}.Debug|Any CPU.Build.0 = Debug|Any CPU
		{B6D60D15-E39D-4CDF-A242-19283311EE6A}.Release|Any CPU.ActiveCfg = Release|Any CPU
		{B6D60D15-E39D-4CDF-A242-19283311EE6A}.Release|Any CPU.Build.0 = Release|Any CPU
		{C11BE8D3-39B9-4090-9615-1AD32C0D6EF6}.Debug|Any CPU.ActiveCfg = Debug|Any CPU
		{C11BE8D3-39B9-4090-9615-1AD32C0D6EF6}.Debug|Any CPU.Build.0 = Debug|Any CPU
		{C11BE8D3-39B9-4090-9615-1AD32C0D6EF6}.Release|Any CPU.ActiveCfg = Release|Any CPU
		{C11BE8D3-39B9-4090-9615-1AD32C0D6EF6}.Release|Any CPU.Build.0 = Release|Any CPU
	EndGlobalSection
	GlobalSection(SolutionProperties) = preSolution
		HideSolutionNode = FALSE
	EndGlobalSection
EndGlobal
